
Microsoft Visual Studio Solution File, Format Version 12.00
# Visual Studio 15
VisualStudioVersion = 15.0.28010.2041
MinimumVisualStudioVersion = 10.0.40219.1
Project("{8BC9CEB8-8B4A-11D0-8D11-00A0C91BC942}") = "lab3", "lab3\lab3.vcxproj", "{F5A1C421-B794-4960-894F-3B0C9BB1EBB0}"
EndProject
Global
	GlobalSection(SolutionConfigurationPlatforms) = preSolution
		Debug|x64 = Debug|x64
		Debug|x86 = Debug|x86
		Release|x64 = Release|x64
		Release|x86 = Release|x86
	EndGlobalSection
	GlobalSection(ProjectConfigurationPlatforms) = postSolution
		{F5A1C421-B794-4960-894F-3B0C9BB1EBB0}.Debug|x64.ActiveCfg = Debug|x64
		{F5A1C421-B794-4960-894F-3B0C9BB1EBB0}.Debug|x64.Build.0 = Debug|x64
		{F5A1C421-B794-4960-894F-3B0C9BB1EBB0}.Debug|x86.ActiveCfg = Debug|Win32
		{F5A1C421-B794-4960-894F-3B0C9BB1EBB0}.Debug|x86.Build.0 = Debug|Win32
		{F5A1C421-B794-4960-894F-3B0C9BB1EBB0}.Release|x64.ActiveCfg = Release|x64
		{F5A1C421-B794-4960-894F-3B0C9BB1EBB0}.Release|x64.Build.0 = Release|x64
		{F5A1C421-B794-4960-894F-3B0C9BB1EBB0}.Release|x86.ActiveCfg = Release|Win32
		{F5A1C421-B794-4960-894F-3B0C9BB1EBB0}.Release|x86.Build.0 = Release|Win32
	EndGlobalSection
	GlobalSection(SolutionProperties) = preSolution
		HideSolutionNode = FALSE
	EndGlobalSection
	GlobalSection(ExtensibilityGlobals) = postSolution
		SolutionGuid = {FFEE73A5-61FB-467E-8D79-A9520D0A9D26}
	EndGlobalSection
EndGlobal
